<?xml version="1.0" encoding="utf-8"?>
<Project ToolsVersion="4.0" xmlns="http://schemas.microsoft.com/developer/msbuild/2003">
  <ItemGroup>
    <Filter Include="Source Files">
      <UniqueIdentifier>{4FC737F1-C7A5-4376-A066-2A32D752A2FF}</UniqueIdentifier>
      <Extensions>cpp;c;cc;cxx;def;odl;idl;hpj;bat;asm;asmx</Extensions>
    </Filter>
    <Filter Include="Header Files">
      <UniqueIdentifier>{93995380-89BD-4b04-88EB-625FBE52EBFB}</UniqueIdentifier>
      <Extensions>h;hh;hpp;hxx;hm;inl;inc;xsd</Extensions>
    </Filter>
    <Filter Include="Resource Files">
      <UniqueIdentifier>{67DA6AB6-F800-4c08-8B7A-83BB121AAD01}</UniqueIdentifier>
      <Extensions>rc;ico;cur;bmp;dlg;rc2;rct;bin;rgs;gif;jpg;jpeg;jpe;resx;tiff;tif;png;wav;mfcribbon-ms</Extensions>
    </Filter>
    <Filter Include="_core">
      <UniqueIdentifier>{fae95f1e-8908-4bca-b5d3-0a83b6d92367}</UniqueIdentifier>
    </Filter>
    <Filter Include="_core\avr">
      <UniqueIdentifier>{87bd7151-b301-4b27-b60c-94d5c248a291}</UniqueIdentifier>
    </Filter>
    <Filter Include="_core\util">
      <UniqueIdentifier>{b9cc8091-1fff-4db3-a497-ed22ff17d1de}</UniqueIdentifier>
    </Filter>
    <Filter Include="_libraries">
      <UniqueIdentifier>{a0248761-0d58-4cb9-a17b-750b280eebad}</UniqueIdentifier>
    </Filter>
    <Filter Include="_libraries\i2c_t3">
      <UniqueIdentifier>{4e787ca3-4a64-4e05-a73f-fdb230aaecb6}</UniqueIdentifier>
    </Filter>
    <Filter Include="_libraries\FlexCAN">
      <UniqueIdentifier>{386f3919-a400-4b30-b22d-8ebdd8213002}</UniqueIdentifier>
    </Filter>
    <Filter Include="_libraries\SPI">
      <UniqueIdentifier>{eef93c86-4e35-4661-9855-61c7d6610799}</UniqueIdentifier>
    </Filter>
    <Filter Include="_libraries\SdFat">
      <UniqueIdentifier>{949c3426-5b3b-46f2-9011-588b27687b80}</UniqueIdentifier>
    </Filter>
    <Filter Include="_libraries\SdFat\src">
      <UniqueIdentifier>{f512f06d-2bee-418c-a6e5-d693b6aa70bc}</UniqueIdentifier>
    </Filter>
    <Filter Include="_libraries\SdFat\src\FatLib">
      <UniqueIdentifier>{e7c0ed82-45db-454d-b439-b8b21dbea3dd}</UniqueIdentifier>
    </Filter>
    <Filter Include="_libraries\SdFat\src\SdSpiCard">
      <UniqueIdentifier>{d0a1c4b1-eb39-41e1-8aac-fb9865b9099e}</UniqueIdentifier>
    </Filter>
  </ItemGroup>
  <ItemGroup>
    <None Include="TestMule.ino" />
    <None Include="..\..\..\..\..\..\..\..\..\Program Files (x86)\Arduino\hardware\teensy\avr\cores\teensy3\memcpy-armv7m.S">
      <Filter>_core</Filter>
    </None>
  </ItemGroup>
  <ItemGroup>
    <ClInclude Include="__vm\.TestMule.vsarduino.h">
      <Filter>Header Files</Filter>
    </ClInclude>
    <ClInclude Include="Visual Micro\.TestMule.vsarduino.h">
      <Filter>Header Files</Filter>
    </ClInclude>
    <ClInclude Include="..\..\..\..\..\..\..\..\..\Program Files (x86)\Arduino\hardware\teensy\avr\cores\teensy3\Arduino.h">
      <Filter>_core</Filter>
    </ClInclude>
    <ClInclude Include="..\..\..\..\..\..\..\..\..\Program Files (x86)\Arduino\hardware\teensy\avr\cores\teensy3\arm_common_tables.h">
      <Filter>_core</Filter>
    </ClInclude>
    <ClInclude Include="..\..\..\..\..\..\..\..\..\Program Files (x86)\Arduino\hardware\teensy\avr\cores\teensy3\arm_math.h">
      <Filter>_core</Filter>
    </ClInclude>
    <ClInclude Include="..\..\..\..\..\..\..\..\..\Program Files (x86)\Arduino\hardware\teensy\avr\cores\teensy3\AudioStream.h">
      <Filter>_core</Filter>
    </ClInclude>
    <ClInclude Include="..\..\..\..\..\..\..\..\..\Program Files (x86)\Arduino\hardware\teensy\avr\cores\teensy3\avr_emulation.h">
      <Filter>_core</Filter>
    </ClInclude>
    <ClInclude Include="..\..\..\..\..\..\..\..\..\Program Files (x86)\Arduino\hardware\teensy\avr\cores\teensy3\avr_functions.h">
      <Filter>_core</Filter>
    </ClInclude>
    <ClInclude Include="..\..\..\..\..\..\..\..\..\Program Files (x86)\Arduino\hardware\teensy\avr\cores\teensy3\binary.h">
      <Filter>_core</Filter>
    </ClInclude>
    <ClInclude Include="..\..\..\..\..\..\..\..\..\Program Files (x86)\Arduino\hardware\teensy\avr\cores\teensy3\Client.h">
      <Filter>_core</Filter>
    </ClInclude>
    <ClInclude Include="..\..\..\..\..\..\..\..\..\Program Files (x86)\Arduino\hardware\teensy\avr\cores\teensy3\core_cm4.h">
      <Filter>_core</Filter>
    </ClInclude>
    <ClInclude Include="..\..\..\..\..\..\..\..\..\Program Files (x86)\Arduino\hardware\teensy\avr\cores\teensy3\core_cm4_simd.h">
      <Filter>_core</Filter>
    </ClInclude>
    <ClInclude Include="..\..\..\..\..\..\..\..\..\Program Files (x86)\Arduino\hardware\teensy\avr\cores\teensy3\core_cmInstr.h">
      <Filter>_core</Filter>
    </ClInclude>
    <ClInclude Include="..\..\..\..\..\..\..\..\..\Program Files (x86)\Arduino\hardware\teensy\avr\cores\teensy3\core_id.h">
      <Filter>_core</Filter>
    </ClInclude>
    <ClInclude Include="..\..\..\..\..\..\..\..\..\Program Files (x86)\Arduino\hardware\teensy\avr\cores\teensy3\core_pins.h">
      <Filter>_core</Filter>
    </ClInclude>
    <ClInclude Include="..\..\..\..\..\..\..\..\..\Program Files (x86)\Arduino\hardware\teensy\avr\cores\teensy3\DMAChannel.h">
      <Filter>_core</Filter>
    </ClInclude>
    <ClInclude Include="..\..\..\..\..\..\..\..\..\Program Files (x86)\Arduino\hardware\teensy\avr\cores\teensy3\elapsedMillis.h">
      <Filter>_core</Filter>
    </ClInclude>
    <ClInclude Include="..\..\..\..\..\..\..\..\..\Program Files (x86)\Arduino\hardware\teensy\avr\cores\teensy3\HardwareSerial.h">
      <Filter>_core</Filter>
    </ClInclude>
    <ClInclude Include="..\..\..\..\..\..\..\..\..\Program Files (x86)\Arduino\hardware\teensy\avr\cores\teensy3\IntervalTimer.h">
      <Filter>_core</Filter>
    </ClInclude>
    <ClInclude Include="..\..\..\..\..\..\..\..\..\Program Files (x86)\Arduino\hardware\teensy\avr\cores\teensy3\IPAddress.h">
      <Filter>_core</Filter>
    </ClInclude>
    <ClInclude Include="..\..\..\..\..\..\..\..\..\Program Files (x86)\Arduino\hardware\teensy\avr\cores\teensy3\keylayouts.h">
      <Filter>_core</Filter>
    </ClInclude>
    <ClInclude Include="..\..\..\..\..\..\..\..\..\Program Files (x86)\Arduino\hardware\teensy\avr\cores\teensy3\kinetis.h">
      <Filter>_core</Filter>
    </ClInclude>
    <ClInclude Include="..\..\..\..\..\..\..\..\..\Program Files (x86)\Arduino\hardware\teensy\avr\cores\teensy3\math_helper.h">
      <Filter>_core</Filter>
    </ClInclude>
    <ClInclude Include="..\..\..\..\..\..\..\..\..\Program Files (x86)\Arduino\hardware\teensy\avr\cores\teensy3\mk20dx128.h">
      <Filter>_core</Filter>
    </ClInclude>
    <ClInclude Include="..\..\..\..\..\..\..\..\..\Program Files (x86)\Arduino\hardware\teensy\avr\cores\teensy3\new.h">
      <Filter>_core</Filter>
    </ClInclude>
    <ClInclude Include="..\..\..\..\..\..\..\..\..\Program Files (x86)\Arduino\hardware\teensy\avr\cores\teensy3\pins_arduino.h">
      <Filter>_core</Filter>
    </ClInclude>
    <ClInclude Include="..\..\..\..\..\..\..\..\..\Program Files (x86)\Arduino\hardware\teensy\avr\cores\teensy3\Print.h">
      <Filter>_core</Filter>
    </ClInclude>
    <ClInclude Include="..\..\..\..\..\..\..\..\..\Program Files (x86)\Arduino\hardware\teensy\avr\cores\teensy3\Printable.h">
      <Filter>_core</Filter>
    </ClInclude>
    <ClInclude Include="..\..\..\..\..\..\..\..\..\Program Files (x86)\Arduino\hardware\teensy\avr\cores\teensy3\Server.h">
      <Filter>_core</Filter>
    </ClInclude>
    <ClInclude Include="..\..\..\..\..\..\..\..\..\Program Files (x86)\Arduino\hardware\teensy\avr\cores\teensy3\ser_print.h">
      <Filter>_core</Filter>
    </ClInclude>
    <ClInclude Include="..\..\..\..\..\..\..\..\..\Program Files (x86)\Arduino\hardware\teensy\avr\cores\teensy3\SPIFIFO.h">
      <Filter>_core</Filter>
    </ClInclude>
    <ClInclude Include="..\..\..\..\..\..\..\..\..\Program Files (x86)\Arduino\hardware\teensy\avr\cores\teensy3\Stream.h">
      <Filter>_core</Filter>
    </ClInclude>
    <ClInclude Include="..\..\..\..\..\..\..\..\..\Program Files (x86)\Arduino\hardware\teensy\avr\cores\teensy3\Udp.h">
      <Filter>_core</Filter>
    </ClInclude>
    <ClInclude Include="..\..\..\..\..\..\..\..\..\Program Files (x86)\Arduino\hardware\teensy\avr\cores\teensy3\usb_desc.h">
      <Filter>_core</Filter>
    </ClInclude>
    <ClInclude Include="..\..\..\..\..\..\..\..\..\Program Files (x86)\Arduino\hardware\teensy\avr\cores\teensy3\usb_dev.h">
      <Filter>_core</Filter>
    </ClInclude>
    <ClInclude Include="..\..\..\..\..\..\..\..\..\Program Files (x86)\Arduino\hardware\teensy\avr\cores\teensy3\usb_flightsim.h">
      <Filter>_core</Filter>
    </ClInclude>
    <ClInclude Include="..\..\..\..\..\..\..\..\..\Program Files (x86)\Arduino\hardware\teensy\avr\cores\teensy3\usb_joystick.h">
      <Filter>_core</Filter>
    </ClInclude>
    <ClInclude Include="..\..\..\..\..\..\..\..\..\Program Files (x86)\Arduino\hardware\teensy\avr\cores\teensy3\usb_keyboard.h">
      <Filter>_core</Filter>
    </ClInclude>
    <ClInclude Include="..\..\..\..\..\..\..\..\..\Program Files (x86)\Arduino\hardware\teensy\avr\cores\teensy3\usb_mem.h">
      <Filter>_core</Filter>
    </ClInclude>
    <ClInclude Include="..\..\..\..\..\..\..\..\..\Program Files (x86)\Arduino\hardware\teensy\avr\cores\teensy3\usb_midi.h">
      <Filter>_core</Filter>
    </ClInclude>
    <ClInclude Include="..\..\..\..\..\..\..\..\..\Program Files (x86)\Arduino\hardware\teensy\avr\cores\teensy3\usb_mouse.h">
      <Filter>_core</Filter>
    </ClInclude>
    <ClInclude Include="..\..\..\..\..\..\..\..\..\Program Files (x86)\Arduino\hardware\teensy\avr\cores\teensy3\usb_mtp.h">
      <Filter>_core</Filter>
    </ClInclude>
    <ClInclude Include="..\..\..\..\..\..\..\..\..\Program Files (x86)\Arduino\hardware\teensy\avr\cores\teensy3\usb_names.h">
      <Filter>_core</Filter>
    </ClInclude>
    <ClInclude Include="..\..\..\..\..\..\..\..\..\Program Files (x86)\Arduino\hardware\teensy\avr\cores\teensy3\usb_rawhid.h">
      <Filter>_core</Filter>
    </ClInclude>
    <ClInclude Include="..\..\..\..\..\..\..\..\..\Program Files (x86)\Arduino\hardware\teensy\avr\cores\teensy3\usb_seremu.h">
      <Filter>_core</Filter>
    </ClInclude>
    <ClInclude Include="..\..\..\..\..\..\..\..\..\Program Files (x86)\Arduino\hardware\teensy\avr\cores\teensy3\usb_serial.h">
      <Filter>_core</Filter>
    </ClInclude>
    <ClInclude Include="..\..\..\..\..\..\..\..\..\Program Files (x86)\Arduino\hardware\teensy\avr\cores\teensy3\usb_undef.h">
      <Filter>_core</Filter>
    </ClInclude>
    <ClInclude Include="..\..\..\..\..\..\..\..\..\Program Files (x86)\Arduino\hardware\teensy\avr\cores\teensy3\WCharacter.h">
      <Filter>_core</Filter>
    </ClInclude>
    <ClInclude Include="..\..\..\..\..\..\..\..\..\Program Files (x86)\Arduino\hardware\teensy\avr\cores\teensy3\WConstants.h">
      <Filter>_core</Filter>
    </ClInclude>
    <ClInclude Include="..\..\..\..\..\..\..\..\..\Program Files (x86)\Arduino\hardware\teensy\avr\cores\teensy3\wiring.h">
      <Filter>_core</Filter>
    </ClInclude>
    <ClInclude Include="..\..\..\..\..\..\..\..\..\Program Files (x86)\Arduino\hardware\teensy\avr\cores\teensy3\wiring_private.h">
      <Filter>_core</Filter>
    </ClInclude>
    <ClInclude Include="..\..\..\..\..\..\..\..\..\Program Files (x86)\Arduino\hardware\teensy\avr\cores\teensy3\WProgram.h">
      <Filter>_core</Filter>
    </ClInclude>
    <ClInclude Include="..\..\..\..\..\..\..\..\..\Program Files (x86)\Arduino\hardware\teensy\avr\cores\teensy3\WString.h">
      <Filter>_core</Filter>
    </ClInclude>
    <ClInclude Include="..\..\..\..\..\..\..\..\..\Program Files (x86)\Arduino\hardware\teensy\avr\cores\teensy3\avr\eeprom.h">
      <Filter>_core\avr</Filter>
    </ClInclude>
    <ClInclude Include="..\..\..\..\..\..\..\..\..\Program Files (x86)\Arduino\hardware\teensy\avr\cores\teensy3\avr\interrupt.h">
      <Filter>_core\avr</Filter>
    </ClInclude>
    <ClInclude Include="..\..\..\..\..\..\..\..\..\Program Files (x86)\Arduino\hardware\teensy\avr\cores\teensy3\avr\io.h">
      <Filter>_core\avr</Filter>
    </ClInclude>
    <ClInclude Include="..\..\..\..\..\..\..\..\..\Program Files (x86)\Arduino\hardware\teensy\avr\cores\teensy3\avr\pgmspace.h">
      <Filter>_core\avr</Filter>
    </ClInclude>
    <ClInclude Include="..\..\..\..\..\..\..\..\..\Program Files (x86)\Arduino\hardware\teensy\avr\cores\teensy3\avr\power.h">
      <Filter>_core\avr</Filter>
    </ClInclude>
    <ClInclude Include="..\..\..\..\..\..\..\..\..\Program Files (x86)\Arduino\hardware\teensy\avr\cores\teensy3\avr\sleep.h">
      <Filter>_core\avr</Filter>
    </ClInclude>
    <ClInclude Include="..\..\..\..\..\..\..\..\..\Program Files (x86)\Arduino\hardware\teensy\avr\cores\teensy3\avr\wdt.h">
      <Filter>_core\avr</Filter>
    </ClInclude>
    <ClInclude Include="..\..\..\..\..\..\..\..\..\Program Files (x86)\Arduino\hardware\teensy\avr\cores\teensy3\util\atomic.h">
      <Filter>_core\util</Filter>
    </ClInclude>
    <ClInclude Include="..\..\..\..\..\..\..\..\..\Program Files (x86)\Arduino\hardware\teensy\avr\cores\teensy3\util\crc16.h">
      <Filter>_core\util</Filter>
    </ClInclude>
    <ClInclude Include="..\..\..\..\..\..\..\..\..\Program Files (x86)\Arduino\hardware\teensy\avr\cores\teensy3\util\delay.h">
      <Filter>_core\util</Filter>
    </ClInclude>
    <ClInclude Include="..\..\..\..\..\..\..\..\..\Program Files (x86)\Arduino\hardware\teensy\avr\cores\teensy3\util\parity.h">
      <Filter>_core\util</Filter>
    </ClInclude>
    <ClInclude Include="..\..\..\..\..\..\..\..\..\Program Files (x86)\Arduino\hardware\teensy\avr\libraries\i2c_t3\i2c_t3.h">
      <Filter>_libraries\i2c_t3</Filter>
    </ClInclude>
    <ClInclude Include="..\..\..\..\..\..\..\Program Files (x86)\Arduino\hardware\teensy\avr\libraries\FlexCAN\FlexCAN.h">
      <Filter>_libraries\FlexCAN</Filter>
    </ClInclude>
    <ClInclude Include="..\..\..\..\..\..\..\Program Files (x86)\Arduino\hardware\teensy\avr\libraries\FlexCAN\kinetis_flexcan.h">
      <Filter>_libraries\FlexCAN</Filter>
    </ClInclude>
    <ClInclude Include="DAC_MCP49xx.h">
      <Filter>Header Files</Filter>
    </ClInclude>
    <ClInclude Include="..\..\..\..\..\..\..\Program Files (x86)\Arduino\hardware\teensy\avr\libraries\SPI\SPI.h">
      <Filter>_libraries\SPI</Filter>
    </ClInclude>
    <ClInclude Include="DataLogger.h">
      <Filter>Header Files</Filter>
    </ClInclude>
    <ClInclude Include="..\..\..\..\Arduino\libraries\SdFat\src\FreeStack.h">
      <Filter>_libraries\SdFat\src</Filter>
    </ClInclude>
    <ClInclude Include="..\..\..\..\Arduino\libraries\SdFat\src\MinimumSerial.h">
      <Filter>_libraries\SdFat\src</Filter>
    </ClInclude>
    <ClInclude Include="..\..\..\..\Arduino\libraries\SdFat\src\SdFat.h">
      <Filter>_libraries\SdFat\src</Filter>
    </ClInclude>
    <ClInclude Include="..\..\..\..\Arduino\libraries\SdFat\src\SdFatConfig.h">
      <Filter>_libraries\SdFat\src</Filter>
    </ClInclude>
    <ClInclude Include="..\..\..\..\Arduino\libraries\SdFat\src\SdFatUtil.h">
      <Filter>_libraries\SdFat\src</Filter>
    </ClInclude>
    <ClInclude Include="..\..\..\..\Arduino\libraries\SdFat\src\SystemInclude.h">
      <Filter>_libraries\SdFat\src</Filter>
    </ClInclude>
    <ClInclude Include="..\..\..\..\Arduino\libraries\SdFat\src\FatLib\ArduinoFiles.h">
      <Filter>_libraries\SdFat\src\FatLib</Filter>
    </ClInclude>
    <ClInclude Include="..\..\..\..\Arduino\libraries\SdFat\src\FatLib\ArduinoStream.h">
      <Filter>_libraries\SdFat\src\FatLib</Filter>
    </ClInclude>
    <ClInclude Include="..\..\..\..\Arduino\libraries\SdFat\src\FatLib\bufstream.h">
      <Filter>_libraries\SdFat\src\FatLib</Filter>
    </ClInclude>
    <ClInclude Include="..\..\..\..\Arduino\libraries\SdFat\src\FatLib\FatApiConstants.h">
      <Filter>_libraries\SdFat\src\FatLib</Filter>
    </ClInclude>
    <ClInclude Include="..\..\..\..\Arduino\libraries\SdFat\src\FatLib\FatFile.h">
      <Filter>_libraries\SdFat\src\FatLib</Filter>
    </ClInclude>
    <ClInclude Include="..\..\..\..\Arduino\libraries\SdFat\src\FatLib\FatFileSystem.h">
      <Filter>_libraries\SdFat\src\FatLib</Filter>
    </ClInclude>
    <ClInclude Include="..\..\..\..\Arduino\libraries\SdFat\src\FatLib\FatLib.h">
      <Filter>_libraries\SdFat\src\FatLib</Filter>
    </ClInclude>
    <ClInclude Include="..\..\..\..\Arduino\libraries\SdFat\src\FatLib\FatLibConfig.h">
      <Filter>_libraries\SdFat\src\FatLib</Filter>
    </ClInclude>
    <ClInclude Include="..\..\..\..\Arduino\libraries\SdFat\src\FatLib\FatStructs.h">
      <Filter>_libraries\SdFat\src\FatLib</Filter>
    </ClInclude>
    <ClInclude Include="..\..\..\..\Arduino\libraries\SdFat\src\FatLib\FatVolume.h">
      <Filter>_libraries\SdFat\src\FatLib</Filter>
    </ClInclude>
    <ClInclude Include="..\..\..\..\Arduino\libraries\SdFat\src\FatLib\FmtNumber.h">
      <Filter>_libraries\SdFat\src\FatLib</Filter>
    </ClInclude>
    <ClInclude Include="..\..\..\..\Arduino\libraries\SdFat\src\FatLib\fstream.h">
      <Filter>_libraries\SdFat\src\FatLib</Filter>
    </ClInclude>
    <ClInclude Include="..\..\..\..\Arduino\libraries\SdFat\src\FatLib\ios.h">
      <Filter>_libraries\SdFat\src\FatLib</Filter>
    </ClInclude>
    <ClInclude Include="..\..\..\..\Arduino\libraries\SdFat\src\FatLib\iostream.h">
      <Filter>_libraries\SdFat\src\FatLib</Filter>
    </ClInclude>
    <ClInclude Include="..\..\..\..\Arduino\libraries\SdFat\src\FatLib\istream.h">
      <Filter>_libraries\SdFat\src\FatLib</Filter>
    </ClInclude>
    <ClInclude Include="..\..\..\..\Arduino\libraries\SdFat\src\FatLib\ostream.h">
      <Filter>_libraries\SdFat\src\FatLib</Filter>
    </ClInclude>
    <ClInclude Include="..\..\..\..\Arduino\libraries\SdFat\src\FatLib\StdioStream.h">
      <Filter>_libraries\SdFat\src\FatLib</Filter>
    </ClInclude>
    <ClInclude Include="..\..\..\..\Arduino\libraries\SdFat\src\FatLib\SysCall.h">
      <Filter>_libraries\SdFat\src\FatLib</Filter>
    </ClInclude>
    <ClInclude Include="..\..\..\..\Arduino\libraries\SdFat\src\SdSpiCard\DigitalPin.h">
      <Filter>_libraries\SdFat\src\SdSpiCard</Filter>
    </ClInclude>
    <ClInclude Include="..\..\..\..\Arduino\libraries\SdFat\src\SdSpiCard\SdInfo.h">
      <Filter>_libraries\SdFat\src\SdSpiCard</Filter>
    </ClInclude>
    <ClInclude Include="..\..\..\..\Arduino\libraries\SdFat\src\SdSpiCard\SdSpi.h">
      <Filter>_libraries\SdFat\src\SdSpiCard</Filter>
    </ClInclude>
    <ClInclude Include="..\..\..\..\Arduino\libraries\SdFat\src\SdSpiCard\SdSpiCard.h">
      <Filter>_libraries\SdFat\src\SdSpiCard</Filter>
    </ClInclude>
    <ClInclude Include="..\..\..\..\Arduino\libraries\SdFat\src\SdSpiCard\SoftSPI.h">
      <Filter>_libraries\SdFat\src\SdSpiCard</Filter>
    </ClInclude>
    <ClInclude Include="Vehicle_Stats.h">
      <Filter>Header Files</Filter>
    </ClInclude>
    <ClInclude Include="MuleThrottle.h">
      <Filter>Header Files</Filter>
    </ClInclude>
  </ItemGroup>
  <ItemGroup>
    <ClCompile Include="..\..\..\..\..\..\..\..\..\Program Files (x86)\Arduino\hardware\teensy\avr\cores\teensy3\analog.c">
      <Filter>_core</Filter>
    </ClCompile>
    <ClCompile Include="..\..\..\..\..\..\..\..\..\Program Files (x86)\Arduino\hardware\teensy\avr\cores\teensy3\AudioStream.cpp">
      <Filter>_core</Filter>
    </ClCompile>
    <ClCompile Include="..\..\..\..\..\..\..\..\..\Program Files (x86)\Arduino\hardware\teensy\avr\cores\teensy3\avr_emulation.cpp">
      <Filter>_core</Filter>
    </ClCompile>
    <ClCompile Include="..\..\..\..\..\..\..\..\..\Program Files (x86)\Arduino\hardware\teensy\avr\cores\teensy3\DMAChannel.cpp">
      <Filter>_core</Filter>
    </ClCompile>
    <ClCompile Include="..\..\..\..\..\..\..\..\..\Program Files (x86)\Arduino\hardware\teensy\avr\cores\teensy3\eeprom.c">
      <Filter>_core</Filter>
    </ClCompile>
    <ClCompile Include="..\..\..\..\..\..\..\..\..\Program Files (x86)\Arduino\hardware\teensy\avr\cores\teensy3\HardwareSerial1.cpp">
      <Filter>_core</Filter>
    </ClCompile>
    <ClCompile Include="..\..\..\..\..\..\..\..\..\Program Files (x86)\Arduino\hardware\teensy\avr\cores\teensy3\HardwareSerial2.cpp">
      <Filter>_core</Filter>
    </ClCompile>
    <ClCompile Include="..\..\..\..\..\..\..\..\..\Program Files (x86)\Arduino\hardware\teensy\avr\cores\teensy3\HardwareSerial3.cpp">
      <Filter>_core</Filter>
    </ClCompile>
    <ClCompile Include="..\..\..\..\..\..\..\..\..\Program Files (x86)\Arduino\hardware\teensy\avr\cores\teensy3\IntervalTimer.cpp">
      <Filter>_core</Filter>
    </ClCompile>
    <ClCompile Include="..\..\..\..\..\..\..\..\..\Program Files (x86)\Arduino\hardware\teensy\avr\cores\teensy3\IPAddress.cpp">
      <Filter>_core</Filter>
    </ClCompile>
    <ClCompile Include="..\..\..\..\..\..\..\..\..\Program Files (x86)\Arduino\hardware\teensy\avr\cores\teensy3\keylayouts.c">
      <Filter>_core</Filter>
    </ClCompile>
    <ClCompile Include="..\..\..\..\..\..\..\..\..\Program Files (x86)\Arduino\hardware\teensy\avr\cores\teensy3\main.cpp">
      <Filter>_core</Filter>
    </ClCompile>
    <ClCompile Include="..\..\..\..\..\..\..\..\..\Program Files (x86)\Arduino\hardware\teensy\avr\cores\teensy3\math_helper.c">
      <Filter>_core</Filter>
    </ClCompile>
    <ClCompile Include="..\..\..\..\..\..\..\..\..\Program Files (x86)\Arduino\hardware\teensy\avr\cores\teensy3\mk20dx128.c">
      <Filter>_core</Filter>
    </ClCompile>
    <ClCompile Include="..\..\..\..\..\..\..\..\..\Program Files (x86)\Arduino\hardware\teensy\avr\cores\teensy3\new.cpp">
      <Filter>_core</Filter>
    </ClCompile>
    <ClCompile Include="..\..\..\..\..\..\..\..\..\Program Files (x86)\Arduino\hardware\teensy\avr\cores\teensy3\nonstd.c">
      <Filter>_core</Filter>
    </ClCompile>
    <ClCompile Include="..\..\..\..\..\..\..\..\..\Program Files (x86)\Arduino\hardware\teensy\avr\cores\teensy3\pins_teensy.c">
      <Filter>_core</Filter>
    </ClCompile>
    <ClCompile Include="..\..\..\..\..\..\..\..\..\Program Files (x86)\Arduino\hardware\teensy\avr\cores\teensy3\Print.cpp">
      <Filter>_core</Filter>
    </ClCompile>
    <ClCompile Include="..\..\..\..\..\..\..\..\..\Program Files (x86)\Arduino\hardware\teensy\avr\cores\teensy3\serial1.c">
      <Filter>_core</Filter>
    </ClCompile>
    <ClCompile Include="..\..\..\..\..\..\..\..\..\Program Files (x86)\Arduino\hardware\teensy\avr\cores\teensy3\serial2.c">
      <Filter>_core</Filter>
    </ClCompile>
    <ClCompile Include="..\..\..\..\..\..\..\..\..\Program Files (x86)\Arduino\hardware\teensy\avr\cores\teensy3\serial3.c">
      <Filter>_core</Filter>
    </ClCompile>
    <ClCompile Include="..\..\..\..\..\..\..\..\..\Program Files (x86)\Arduino\hardware\teensy\avr\cores\teensy3\ser_print.c">
      <Filter>_core</Filter>
    </ClCompile>
    <ClCompile Include="..\..\..\..\..\..\..\..\..\Program Files (x86)\Arduino\hardware\teensy\avr\cores\teensy3\Stream.cpp">
      <Filter>_core</Filter>
    </ClCompile>
    <ClCompile Include="..\..\..\..\..\..\..\..\..\Program Files (x86)\Arduino\hardware\teensy\avr\cores\teensy3\Tone.cpp">
      <Filter>_core</Filter>
    </ClCompile>
    <ClCompile Include="..\..\..\..\..\..\..\..\..\Program Files (x86)\Arduino\hardware\teensy\avr\cores\teensy3\touch.c">
      <Filter>_core</Filter>
    </ClCompile>
    <ClCompile Include="..\..\..\..\..\..\..\..\..\Program Files (x86)\Arduino\hardware\teensy\avr\cores\teensy3\usb_desc.c">
      <Filter>_core</Filter>
    </ClCompile>
    <ClCompile Include="..\..\..\..\..\..\..\..\..\Program Files (x86)\Arduino\hardware\teensy\avr\cores\teensy3\usb_dev.c">
      <Filter>_core</Filter>
    </ClCompile>
    <ClCompile Include="..\..\..\..\..\..\..\..\..\Program Files (x86)\Arduino\hardware\teensy\avr\cores\teensy3\usb_flightsim.cpp">
      <Filter>_core</Filter>
    </ClCompile>
    <ClCompile Include="..\..\..\..\..\..\..\..\..\Program Files (x86)\Arduino\hardware\teensy\avr\cores\teensy3\usb_inst.cpp">
      <Filter>_core</Filter>
    </ClCompile>
    <ClCompile Include="..\..\..\..\..\..\..\..\..\Program Files (x86)\Arduino\hardware\teensy\avr\cores\teensy3\usb_joystick.c">
      <Filter>_core</Filter>
    </ClCompile>
    <ClCompile Include="..\..\..\..\..\..\..\..\..\Program Files (x86)\Arduino\hardware\teensy\avr\cores\teensy3\usb_keyboard.c">
      <Filter>_core</Filter>
    </ClCompile>
    <ClCompile Include="..\..\..\..\..\..\..\..\..\Program Files (x86)\Arduino\hardware\teensy\avr\cores\teensy3\usb_mem.c">
      <Filter>_core</Filter>
    </ClCompile>
    <ClCompile Include="..\..\..\..\..\..\..\..\..\Program Files (x86)\Arduino\hardware\teensy\avr\cores\teensy3\usb_midi.c">
      <Filter>_core</Filter>
    </ClCompile>
    <ClCompile Include="..\..\..\..\..\..\..\..\..\Program Files (x86)\Arduino\hardware\teensy\avr\cores\teensy3\usb_mouse.c">
      <Filter>_core</Filter>
    </ClCompile>
    <ClCompile Include="..\..\..\..\..\..\..\..\..\Program Files (x86)\Arduino\hardware\teensy\avr\cores\teensy3\usb_mtp.c">
      <Filter>_core</Filter>
    </ClCompile>
    <ClCompile Include="..\..\..\..\..\..\..\..\..\Program Files (x86)\Arduino\hardware\teensy\avr\cores\teensy3\usb_rawhid.c">
      <Filter>_core</Filter>
    </ClCompile>
    <ClCompile Include="..\..\..\..\..\..\..\..\..\Program Files (x86)\Arduino\hardware\teensy\avr\cores\teensy3\usb_seremu.c">
      <Filter>_core</Filter>
    </ClCompile>
    <ClCompile Include="..\..\..\..\..\..\..\..\..\Program Files (x86)\Arduino\hardware\teensy\avr\cores\teensy3\usb_serial.c">
      <Filter>_core</Filter>
    </ClCompile>
    <ClCompile Include="..\..\..\..\..\..\..\..\..\Program Files (x86)\Arduino\hardware\teensy\avr\cores\teensy3\WMath.cpp">
      <Filter>_core</Filter>
    </ClCompile>
    <ClCompile Include="..\..\..\..\..\..\..\..\..\Program Files (x86)\Arduino\hardware\teensy\avr\cores\teensy3\WString.cpp">
      <Filter>_core</Filter>
    </ClCompile>
    <ClCompile Include="..\..\..\..\..\..\..\..\..\Program Files (x86)\Arduino\hardware\teensy\avr\cores\teensy3\yield.cpp">
      <Filter>_core</Filter>
    </ClCompile>
    <ClCompile Include="..\..\..\..\..\..\..\..\..\Program Files (x86)\Arduino\hardware\teensy\avr\libraries\i2c_t3\i2c_t3.cpp">
      <Filter>_libraries\i2c_t3</Filter>
    </ClCompile>
    <ClCompile Include="..\..\..\..\..\..\..\Program Files (x86)\Arduino\hardware\teensy\avr\libraries\FlexCAN\FlexCAN.cpp">
      <Filter>_libraries\FlexCAN</Filter>
    </ClCompile>
    <ClCompile Include="DAC_MCP49xx.cpp">
      <Filter>Source Files</Filter>
    </ClCompile>
    <ClCompile Include="..\..\..\..\..\..\..\Program Files (x86)\Arduino\hardware\teensy\avr\libraries\SPI\SPI.cpp">
      <Filter>_libraries\SPI</Filter>
    </ClCompile>
    <ClCompile Include="DataLogger.cpp">
      <Filter>Source Files</Filter>
    </ClCompile>
    <ClCompile Include="..\..\..\..\Arduino\libraries\SdFat\src\MinimumSerial.cpp">
      <Filter>_libraries\SdFat\src</Filter>
    </ClCompile>
    <ClCompile Include="..\..\..\..\Arduino\libraries\SdFat\src\SdFat.cpp">
      <Filter>_libraries\SdFat\src</Filter>
    </ClCompile>
    <ClCompile Include="..\..\..\..\Arduino\libraries\SdFat\src\SdFatUtil.cpp">
      <Filter>_libraries\SdFat\src</Filter>
    </ClCompile>
    <ClCompile Include="..\..\..\..\Arduino\libraries\SdFat\src\FatLib\FatFile.cpp">
      <Filter>_libraries\SdFat\src\FatLib</Filter>
    </ClCompile>
    <ClCompile Include="..\..\..\..\Arduino\libraries\SdFat\src\FatLib\FatFileLFN.cpp">
      <Filter>_libraries\SdFat\src\FatLib</Filter>
    </ClCompile>
    <ClCompile Include="..\..\..\..\Arduino\libraries\SdFat\src\FatLib\FatFilePrint.cpp">
      <Filter>_libraries\SdFat\src\FatLib</Filter>
    </ClCompile>
    <ClCompile Include="..\..\..\..\Arduino\libraries\SdFat\src\FatLib\FatFileSFN.cpp">
      <Filter>_libraries\SdFat\src\FatLib</Filter>
    </ClCompile>
    <ClCompile Include="..\..\..\..\Arduino\libraries\SdFat\src\FatLib\FatVolume.cpp">
      <Filter>_libraries\SdFat\src\FatLib</Filter>
    </ClCompile>
    <ClCompile Include="..\..\..\..\Arduino\libraries\SdFat\src\FatLib\FmtNumber.cpp">
      <Filter>_libraries\SdFat\src\FatLib</Filter>
    </ClCompile>
    <ClCompile Include="..\..\..\..\Arduino\libraries\SdFat\src\FatLib\fstream.cpp">
      <Filter>_libraries\SdFat\src\FatLib</Filter>
    </ClCompile>
    <ClCompile Include="..\..\..\..\Arduino\libraries\SdFat\src\FatLib\istream.cpp">
      <Filter>_libraries\SdFat\src\FatLib</Filter>
    </ClCompile>
    <ClCompile Include="..\..\..\..\Arduino\libraries\SdFat\src\FatLib\ostream.cpp">
      <Filter>_libraries\SdFat\src\FatLib</Filter>
    </ClCompile>
    <ClCompile Include="..\..\..\..\Arduino\libraries\SdFat\src\FatLib\StdioStream.cpp">
      <Filter>_libraries\SdFat\src\FatLib</Filter>
    </ClCompile>
    <ClCompile Include="..\..\..\..\Arduino\libraries\SdFat\src\SdSpiCard\SdSpiCard.cpp">
      <Filter>_libraries\SdFat\src\SdSpiCard</Filter>
    </ClCompile>
    <ClCompile Include="..\..\..\..\Arduino\libraries\SdFat\src\SdSpiCard\SdSpiParticle.cpp">
      <Filter>_libraries\SdFat\src\SdSpiCard</Filter>
    </ClCompile>
    <ClCompile Include="..\..\..\..\Arduino\libraries\SdFat\src\SdSpiCard\SdSpiSAM3X.cpp">
      <Filter>_libraries\SdFat\src\SdSpiCard</Filter>
    </ClCompile>
    <ClCompile Include="..\..\..\..\Arduino\libraries\SdFat\src\SdSpiCard\SdSpiSTM32F1.cpp">
      <Filter>_libraries\SdFat\src\SdSpiCard</Filter>
    </ClCompile>
    <ClCompile Include="..\..\..\..\Arduino\libraries\SdFat\src\SdSpiCard\SdSpiTeensy3.cpp">
      <Filter>_libraries\SdFat\src\SdSpiCard</Filter>
    </ClCompile>
    <ClCompile Include="MuleThrottle.cpp">
      <Filter>Source Files</Filter>
    </ClCompile>
  </ItemGroup>
</Project>